
Microsoft Visual Studio Solution File, Format Version 12.00
# Visual Studio Version 17
VisualStudioVersion = 17.0.31903.59
MinimumVisualStudioVersion = 10.0.40219.1
Project("{FAE04EC0-301F-11D3-BF4B-00C04F79EFBC}") = "Mediators", "Mediators\Mediators.csproj", "{4197B86A-FF65-4B61-8A25-D92354D8A411}"
EndProject
Project("{FAE04EC0-301F-11D3-BF4B-00C04F79EFBC}") = "Mediators.Tests", "Mediators.Tests\Mediators.Tests.csproj", "{D98477E8-0EB4-40B6-BCB8-7CCD6C1312A3}"
EndProject
Project("{FAE04EC0-301F-11D3-BF4B-00C04F79EFBC}") = "Mediator.Users", "Mediator.Users\Mediator.Users.csproj", "{CD3239F8-C364-48D8-8C98-FF280815BAEC}"
EndProject
Project("{FAE04EC0-301F-11D3-BF4B-00C04F79EFBC}") = "Mediator.Chat", "Mediator.Chat\Mediator.Chat.csproj", "{96929CFC-084C-49C3-9019-CE293B5BFCC0}"
EndProject
Project("{FAE04EC0-301F-11D3-BF4B-00C04F79EFBC}") = "Mediator.Users.Abstractions", "Mediator.Users.Abstractions\Mediator.Users.Abstractions.csproj", "{B13815F8-F43F-42D9-9A71-763828B7D035}"
EndProject
Project("{FAE04EC0-301F-11D3-BF4B-00C04F79EFBC}") = "Mediator.Core", "Mediator.Core\Mediator.Core.csproj", "{8FD90D31-0187-49E0-8888-85058AEEF96D}"
EndProject
Project("{FAE04EC0-301F-11D3-BF4B-00C04F79EFBC}") = "Mediator.Chat.Abstractions", "Mediator.Chat.Abstractions\Mediator.Chat.Abstractions.csproj", "{AACD7608-F974-424E-A6D4-B3564EA489D7}"
EndProject
Project("{FAE04EC0-301F-11D3-BF4B-00C04F79EFBC}") = "Mediator.Users.Api", "Mediator.Users.Api\Mediator.Users.Api.csproj", "{1B6E51B6-64F2-4CB2-9F5B-8244A8BF20AF}"
EndProject
Project("{FAE04EC0-301F-11D3-BF4B-00C04F79EFBC}") = "Mediator.Chat.Api", "Mediator.Chat.Api\Mediator.Chat.Api.csproj", "{BE66177B-6032-4CB0-BF01-7B4B0B42E38E}"
EndProject
Global
	GlobalSection(SolutionConfigurationPlatforms) = preSolution
		Debug|Any CPU = Debug|Any CPU
		Debug|x64 = Debug|x64
		Debug|x86 = Debug|x86
		Release|Any CPU = Release|Any CPU
		Release|x64 = Release|x64
		Release|x86 = Release|x86
	EndGlobalSection
	GlobalSection(ProjectConfigurationPlatforms) = postSolution
		{4197B86A-FF65-4B61-8A25-D92354D8A411}.Debug|Any CPU.ActiveCfg = Debug|Any CPU
		{4197B86A-FF65-4B61-8A25-D92354D8A411}.Debug|Any CPU.Build.0 = Debug|Any CPU
		{4197B86A-FF65-4B61-8A25-D92354D8A411}.Debug|x64.ActiveCfg = Debug|Any CPU
		{4197B86A-FF65-4B61-8A25-D92354D8A411}.Debug|x64.Build.0 = Debug|Any CPU
		{4197B86A-FF65-4B61-8A25-D92354D8A411}.Debug|x86.ActiveCfg = Debug|Any CPU
		{4197B86A-FF65-4B61-8A25-D92354D8A411}.Debug|x86.Build.0 = Debug|Any CPU
		{4197B86A-FF65-4B61-8A25-D92354D8A411}.Release|Any CPU.ActiveCfg = Release|Any CPU
		{4197B86A-FF65-4B61-8A25-D92354D8A411}.Release|Any CPU.Build.0 = Release|Any CPU
		{4197B86A-FF65-4B61-8A25-D92354D8A411}.Release|x64.ActiveCfg = Release|Any CPU
		{4197B86A-FF65-4B61-8A25-D92354D8A411}.Release|x64.Build.0 = Release|Any CPU
		{4197B86A-FF65-4B61-8A25-D92354D8A411}.Release|x86.ActiveCfg = Release|Any CPU
		{4197B86A-FF65-4B61-8A25-D92354D8A411}.Release|x86.Build.0 = Release|Any CPU
		{D98477E8-0EB4-40B6-BCB8-7CCD6C1312A3}.Debug|Any CPU.ActiveCfg = Debug|Any CPU
		{D98477E8-0EB4-40B6-BCB8-7CCD6C1312A3}.Debug|Any CPU.Build.0 = Debug|Any CPU
		{D98477E8-0EB4-40B6-BCB8-7CCD6C1312A3}.Debug|x64.ActiveCfg = Debug|Any CPU
		{D98477E8-0EB4-40B6-BCB8-7CCD6C1312A3}.Debug|x64.Build.0 = Debug|Any CPU
		{D98477E8-0EB4-40B6-BCB8-7CCD6C1312A3}.Debug|x86.ActiveCfg = Debug|Any CPU
		{D98477E8-0EB4-40B6-BCB8-7CCD6C1312A3}.Debug|x86.Build.0 = Debug|Any CPU
		{D98477E8-0EB4-40B6-BCB8-7CCD6C1312A3}.Release|Any CPU.ActiveCfg = Release|Any CPU
		{D98477E8-0EB4-40B6-BCB8-7CCD6C1312A3}.Release|Any CPU.Build.0 = Release|Any CPU
		{D98477E8-0EB4-40B6-BCB8-7CCD6C1312A3}.Release|x64.ActiveCfg = Release|Any CPU
		{D98477E8-0EB4-40B6-BCB8-7CCD6C1312A3}.Release|x64.Build.0 = Release|Any CPU
		{D98477E8-0EB4-40B6-BCB8-7CCD6C1312A3}.Release|x86.ActiveCfg = Release|Any CPU
		{D98477E8-0EB4-40B6-BCB8-7CCD6C1312A3}.Release|x86.Build.0 = Release|Any CPU
		{CD3239F8-C364-48D8-8C98-FF280815BAEC}.Debug|Any CPU.ActiveCfg = Debug|Any CPU
		{CD3239F8-C364-48D8-8C98-FF280815BAEC}.Debug|Any CPU.Build.0 = Debug|Any CPU
		{CD3239F8-C364-48D8-8C98-FF280815BAEC}.Debug|x64.ActiveCfg = Debug|Any CPU
		{CD3239F8-C364-48D8-8C98-FF280815BAEC}.Debug|x64.Build.0 = Debug|Any CPU
		{CD3239F8-C364-48D8-8C98-FF280815BAEC}.Debug|x86.ActiveCfg = Debug|Any CPU
		{CD3239F8-C364-48D8-8C98-FF280815BAEC}.Debug|x86.Build.0 = Debug|Any CPU
		{CD3239F8-C364-48D8-8C98-FF280815BAEC}.Release|Any CPU.ActiveCfg = Release|Any CPU
		{CD3239F8-C364-48D8-8C98-FF280815BAEC}.Release|Any CPU.Build.0 = Release|Any CPU
		{CD3239F8-C364-48D8-8C98-FF280815BAEC}.Release|x64.ActiveCfg = Release|Any CPU
		{CD3239F8-C364-48D8-8C98-FF280815BAEC}.Release|x64.Build.0 = Release|Any CPU
		{CD3239F8-C364-48D8-8C98-FF280815BAEC}.Release|x86.ActiveCfg = Release|Any CPU
		{CD3239F8-C364-48D8-8C98-FF280815BAEC}.Release|x86.Build.0 = Release|Any CPU
		{96929CFC-084C-49C3-9019-CE293B5BFCC0}.Debug|Any CPU.ActiveCfg = Debug|Any CPU
		{96929CFC-084C-49C3-9019-CE293B5BFCC0}.Debug|Any CPU.Build.0 = Debug|Any CPU
		{96929CFC-084C-49C3-9019-CE293B5BFCC0}.Debug|x64.ActiveCfg = Debug|Any CPU
		{96929CFC-084C-49C3-9019-CE293B5BFCC0}.Debug|x64.Build.0 = Debug|Any CPU
		{96929CFC-084C-49C3-9019-CE293B5BFCC0}.Debug|x86.ActiveCfg = Debug|Any CPU
		{96929CFC-084C-49C3-9019-CE293B5BFCC0}.Debug|x86.Build.0 = Debug|Any CPU
		{96929CFC-084C-49C3-9019-CE293B5BFCC0}.Release|Any CPU.ActiveCfg = Release|Any CPU
		{96929CFC-084C-49C3-9019-CE293B5BFCC0}.Release|Any CPU.Build.0 = Release|Any CPU
		{96929CFC-084C-49C3-9019-CE293B5BFCC0}.Release|x64.ActiveCfg = Release|Any CPU
		{96929CFC-084C-49C3-9019-CE293B5BFCC0}.Release|x64.Build.0 = Release|Any CPU
		{96929CFC-084C-49C3-9019-CE293B5BFCC0}.Release|x86.ActiveCfg = Release|Any CPU
		{96929CFC-084C-49C3-9019-CE293B5BFCC0}.Release|x86.Build.0 = Release|Any CPU
		{B13815F8-F43F-42D9-9A71-763828B7D035}.Debug|Any CPU.ActiveCfg = Debug|Any CPU
		{B13815F8-F43F-42D9-9A71-763828B7D035}.Debug|Any CPU.Build.0 = Debug|Any CPU
		{B13815F8-F43F-42D9-9A71-763828B7D035}.Debug|x64.ActiveCfg = Debug|Any CPU
		{B13815F8-F43F-42D9-9A71-763828B7D035}.Debug|x64.Build.0 = Debug|Any CPU
		{B13815F8-F43F-42D9-9A71-763828B7D035}.Debug|x86.ActiveCfg = Debug|Any CPU
		{B13815F8-F43F-42D9-9A71-763828B7D035}.Debug|x86.Build.0 = Debug|Any CPU
		{B13815F8-F43F-42D9-9A71-763828B7D035}.Release|Any CPU.ActiveCfg = Release|Any CPU
		{B13815F8-F43F-42D9-9A71-763828B7D035}.Release|Any CPU.Build.0 = Release|Any CPU
		{B13815F8-F43F-42D9-9A71-763828B7D035}.Release|x64.ActiveCfg = Release|Any CPU
		{B13815F8-F43F-42D9-9A71-763828B7D035}.Release|x64.Build.0 = Release|Any CPU
		{B13815F8-F43F-42D9-9A71-763828B7D035}.Release|x86.ActiveCfg = Release|Any CPU
		{B13815F8-F43F-42D9-9A71-763828B7D035}.Release|x86.Build.0 = Release|Any CPU
		{8FD90D31-0187-49E0-8888-85058AEEF96D}.Debug|Any CPU.ActiveCfg = Debug|Any CPU
		{8FD90D31-0187-49E0-8888-85058AEEF96D}.Debug|Any CPU.Build.0 = Debug|Any CPU
		{8FD90D31-0187-49E0-8888-85058AEEF96D}.Debug|x64.ActiveCfg = Debug|Any CPU
		{8FD90D31-0187-49E0-8888-85058AEEF96D}.Debug|x64.Build.0 = Debug|Any CPU
		{8FD90D31-0187-49E0-8888-85058AEEF96D}.Debug|x86.ActiveCfg = Debug|Any CPU
		{8FD90D31-0187-49E0-8888-85058AEEF96D}.Debug|x86.Build.0 = Debug|Any CPU
		{8FD90D31-0187-49E0-8888-85058AEEF96D}.Release|Any CPU.ActiveCfg = Release|Any CPU
		{8FD90D31-0187-49E0-8888-85058AEEF96D}.Release|Any CPU.Build.0 = Release|Any CPU
		{8FD90D31-0187-49E0-8888-85058AEEF96D}.Release|x64.ActiveCfg = Release|Any CPU
		{8FD90D31-0187-49E0-8888-85058AEEF96D}.Release|x64.Build.0 = Release|Any CPU
		{8FD90D31-0187-49E0-8888-85058AEEF96D}.Release|x86.ActiveCfg = Release|Any CPU
		{8FD90D31-0187-49E0-8888-85058AEEF96D}.Release|x86.Build.0 = Release|Any CPU
		{AACD7608-F974-424E-A6D4-B3564EA489D7}.Debug|Any CPU.ActiveCfg = Debug|Any CPU
		{AACD7608-F974-424E-A6D4-B3564EA489D7}.Debug|Any CPU.Build.0 = Debug|Any CPU
		{AACD7608-F974-424E-A6D4-B3564EA489D7}.Debug|x64.ActiveCfg = Debug|Any CPU
		{AACD7608-F974-424E-A6D4-B3564EA489D7}.Debug|x64.Build.0 = Debug|Any CPU
		{AACD7608-F974-424E-A6D4-B3564EA489D7}.Debug|x86.ActiveCfg = Debug|Any CPU
		{AACD7608-F974-424E-A6D4-B3564EA489D7}.Debug|x86.Build.0 = Debug|Any CPU
		{AACD7608-F974-424E-A6D4-B3564EA489D7}.Release|Any CPU.ActiveCfg = Release|Any CPU
		{AACD7608-F974-424E-A6D4-B3564EA489D7}.Release|Any CPU.Build.0 = Release|Any CPU
		{AACD7608-F974-424E-A6D4-B3564EA489D7}.Release|x64.ActiveCfg = Release|Any CPU
		{AACD7608-F974-424E-A6D4-B3564EA489D7}.Release|x64.Build.0 = Release|Any CPU
		{AACD7608-F974-424E-A6D4-B3564EA489D7}.Release|x86.ActiveCfg = Release|Any CPU
		{AACD7608-F974-424E-A6D4-B3564EA489D7}.Release|x86.Build.0 = Release|Any CPU
		{1B6E51B6-64F2-4CB2-9F5B-8244A8BF20AF}.Debug|Any CPU.ActiveCfg = Debug|Any CPU
		{1B6E51B6-64F2-4CB2-9F5B-8244A8BF20AF}.Debug|Any CPU.Build.0 = Debug|Any CPU
		{1B6E51B6-64F2-4CB2-9F5B-8244A8BF20AF}.Debug|x64.ActiveCfg = Debug|Any CPU
		{1B6E51B6-64F2-4CB2-9F5B-8244A8BF20AF}.Debug|x64.Build.0 = Debug|Any CPU
		{1B6E51B6-64F2-4CB2-9F5B-8244A8BF20AF}.Debug|x86.ActiveCfg = Debug|Any CPU
		{1B6E51B6-64F2-4CB2-9F5B-8244A8BF20AF}.Debug|x86.Build.0 = Debug|Any CPU
		{1B6E51B6-64F2-4CB2-9F5B-8244A8BF20AF}.Release|Any CPU.ActiveCfg = Release|Any CPU
		{1B6E51B6-64F2-4CB2-9F5B-8244A8BF20AF}.Release|Any CPU.Build.0 = Release|Any CPU
		{1B6E51B6-64F2-4CB2-9F5B-8244A8BF20AF}.Release|x64.ActiveCfg = Release|Any CPU
		{1B6E51B6-64F2-4CB2-9F5B-8244A8BF20AF}.Release|x64.Build.0 = Release|Any CPU
		{1B6E51B6-64F2-4CB2-9F5B-8244A8BF20AF}.Release|x86.ActiveCfg = Release|Any CPU
		{1B6E51B6-64F2-4CB2-9F5B-8244A8BF20AF}.Release|x86.Build.0 = Release|Any CPU
		{BE66177B-6032-4CB0-BF01-7B4B0B42E38E}.Debug|Any CPU.ActiveCfg = Debug|Any CPU
		{BE66177B-6032-4CB0-BF01-7B4B0B42E38E}.Debug|Any CPU.Build.0 = Debug|Any CPU
		{BE66177B-6032-4CB0-BF01-7B4B0B42E38E}.Debug|x64.ActiveCfg = Debug|Any CPU
		{BE66177B-6032-4CB0-BF01-7B4B0B42E38E}.Debug|x64.Build.0 = Debug|Any CPU
		{BE66177B-6032-4CB0-BF01-7B4B0B42E38E}.Debug|x86.ActiveCfg = Debug|Any CPU
		{BE66177B-6032-4CB0-BF01-7B4B0B42E38E}.Debug|x86.Build.0 = Debug|Any CPU
		{BE66177B-6032-4CB0-BF01-7B4B0B42E38E}.Release|Any CPU.ActiveCfg = Release|Any CPU
		{BE66177B-6032-4CB0-BF01-7B4B0B42E38E}.Release|Any CPU.Build.0 = Release|Any CPU
		{BE66177B-6032-4CB0-BF01-7B4B0B42E38E}.Release|x64.ActiveCfg = Release|Any CPU
		{BE66177B-6032-4CB0-BF01-7B4B0B42E38E}.Release|x64.Build.0 = Release|Any CPU
		{BE66177B-6032-4CB0-BF01-7B4B0B42E38E}.Release|x86.ActiveCfg = Release|Any CPU
		{BE66177B-6032-4CB0-BF01-7B4B0B42E38E}.Release|x86.Build.0 = Release|Any CPU
	EndGlobalSection
	GlobalSection(SolutionProperties) = preSolution
		HideSolutionNode = FALSE
	EndGlobalSection
EndGlobal
